# THIS IS AN AUTOGENERATED FILE. DO NOT EDIT THIS FILE DIRECTLY.
# yarn lockfile v1


"@cspotcode/source-map-support@^0.8.0":
  version "0.8.1"
  resolved "https://registry.yarnpkg.com/@cspotcode/source-map-support/-/source-map-support-0.8.1.tgz#00629c35a688e05a88b1cda684fb9d5e73f000a1"
  integrity sha512-IchNf6dN4tHoMFIn/7OE8LWZ19Y6q/67Bmf6vnGREv8RSbBVb9LPJxEcnwrcwX6ixSvaiGoomAUvu4YSxXrVgw==
  dependencies:
    "@jridgewell/trace-mapping" "0.3.9"

"@jridgewell/resolve-uri@^3.0.3":
  version "3.1.1"
  resolved "https://registry.yarnpkg.com/@jridgewell/resolve-uri/-/resolve-uri-3.1.1.tgz#c08679063f279615a3326583ba3a90d1d82cc721"
  integrity sha512-dSYZh7HhCDtCKm4QakX0xFpsRDqjjtZf/kjI/v3T3Nwt5r8/qz/M19F9ySyOqU94SXBmeG9ttTul+YnR4LOxFA==

"@jridgewell/sourcemap-codec@^1.4.10":
  version "1.4.15"
  resolved "https://registry.yarnpkg.com/@jridgewell/sourcemap-codec/-/sourcemap-codec-1.4.15.tgz#d7c6e6755c78567a951e04ab52ef0fd26de59f32"
  integrity sha512-eF2rxCRulEKXHTRiDrDy6erMYWqNw4LPdQ8UQA4huuxaQsVeRPFl2oM8oDGxMFhJUWZf9McpLtJasDDZb/Bpeg==

"@jridgewell/trace-mapping@0.3.9":
  version "0.3.9"
  resolved "https://registry.yarnpkg.com/@jridgewell/trace-mapping/-/trace-mapping-0.3.9.tgz#6534fd5933a53ba7cbf3a17615e273a0d1273ff9"
  integrity sha512-3Belt6tdc8bPgAtbcmdtNJlirVoTmEb5e2gC94PnkwEW9jI6CAHUeoG85tjWP5WquqfavoMtMwiG4P926ZKKuQ==
  dependencies:
    "@jridgewell/resolve-uri" "^3.0.3"
    "@jridgewell/sourcemap-codec" "^1.4.10"

"@kiltprotocol/asset-did@0.34.0":
  version "0.34.0"
  resolved "https://registry.yarnpkg.com/@kiltprotocol/asset-did/-/asset-did-0.34.0.tgz#574ae07289eac2654b883500e460834664769dca"
  integrity sha512-oY2uGj+QnzkUHzFNR/qil6qD1LH+YNw5Bgp4B/1XYpSeOiNrmrlDj8MGScBm+R7bhvNGAWH0+aOtnSlSyEeNaw==
  dependencies:
    "@kiltprotocol/types" "0.34.0"
    "@kiltprotocol/utils" "0.34.0"

"@kiltprotocol/augment-api@0.34.0":
  version "0.34.0"
  resolved "https://registry.yarnpkg.com/@kiltprotocol/augment-api/-/augment-api-0.34.0.tgz#08f6a183ebc3cc79d045e5c441da0b8ef5602775"
  integrity sha512-0dLLShwFLmc95L8yGKWHvZ6X/EooVJfOLmb8mL/ioG8mwEjmDz9g1FC0eAUcPtJfjVaHTuRYJUcV8w04BuhU+g==
  dependencies:
    "@kiltprotocol/type-definitions" "0.34.0"

"@kiltprotocol/chain-helpers@0.34.0":
  version "0.34.0"
  resolved "https://registry.yarnpkg.com/@kiltprotocol/chain-helpers/-/chain-helpers-0.34.0.tgz#a12cbb24aad1a867012e61af08957048a4138737"
  integrity sha512-rky1q9bIKgVYCOA6HcVaJJapU8EWuHPqXqDxGnUcKAFwVu8MMQ44MSvgqv6+JGvmMcGwe7m57lPGKpEhSYFr6w==
  dependencies:
    "@kiltprotocol/config" "0.34.0"
    "@kiltprotocol/types" "0.34.0"
    "@kiltprotocol/utils" "0.34.0"
    "@polkadot/api" "^10.4.0"
    "@polkadot/types" "^10.4.0"

"@kiltprotocol/config@0.34.0":
  version "0.34.0"
  resolved "https://registry.yarnpkg.com/@kiltprotocol/config/-/config-0.34.0.tgz#7ceeaec5c51989ee88d7dd89bc35f9a82f01fff4"
  integrity sha512-eAupi3kWksWkbsphPGRo75Q8uAIlmHJWo/LDxUotuQyuo2tlo+TTLaBGzBgoF4P/6ItVPI+c5c4ie/686+PhSw==
  dependencies:
    "@kiltprotocol/types" "0.34.0"
    "@polkadot/api" "^10.4.0"
    typescript-logging "^1.0.0"

"@kiltprotocol/core@0.34.0":
  version "0.34.0"
  resolved "https://registry.yarnpkg.com/@kiltprotocol/core/-/core-0.34.0.tgz#574f35da0b7a5d1ae14fc97fd81702ae39e6d861"
  integrity sha512-yAdHdljHupwuFFV6Qq0IUxQAe3VtdqcjOe/D7whMOQBRcoSLJ8ffb2Wu+RuPQXaGFTCF0d0KUurfFmOSsq14Yg==
  dependencies:
    "@kiltprotocol/asset-did" "0.34.0"
    "@kiltprotocol/augment-api" "0.34.0"
    "@kiltprotocol/chain-helpers" "0.34.0"
    "@kiltprotocol/config" "0.34.0"
    "@kiltprotocol/did" "0.34.0"
    "@kiltprotocol/type-definitions" "0.34.0"
    "@kiltprotocol/types" "0.34.0"
    "@kiltprotocol/utils" "0.34.0"
    "@polkadot/api" "^10.4.0"
    "@polkadot/keyring" "^12.0.0"
    "@polkadot/types" "^10.4.0"
    "@polkadot/util" "^12.0.0"
    "@polkadot/util-crypto" "^12.0.0"

"@kiltprotocol/did@0.34.0":
  version "0.34.0"
  resolved "https://registry.yarnpkg.com/@kiltprotocol/did/-/did-0.34.0.tgz#da523df2eb5ec15231e042883c369ae0183094e4"
  integrity sha512-i+E+BLRAYQ1qBysx3dK5WhagZHYrtxI6b79B+qoAo73LJJhHrk0te4mzrmNkPB8VAWFABuy/oXhZ1v7JqA02bQ==
  dependencies:
    "@kiltprotocol/augment-api" "0.34.0"
    "@kiltprotocol/config" "0.34.0"
    "@kiltprotocol/types" "0.34.0"
    "@kiltprotocol/utils" "0.34.0"
    "@polkadot/api" "^10.4.0"
    "@polkadot/keyring" "^12.0.0"
    "@polkadot/types" "^10.4.0"
    "@polkadot/types-codec" "^10.4.0"
    "@polkadot/util" "^12.0.0"
    "@polkadot/util-crypto" "^12.0.0"

"@kiltprotocol/messaging@0.34.0":
  version "0.34.0"
  resolved "https://registry.yarnpkg.com/@kiltprotocol/messaging/-/messaging-0.34.0.tgz#cf6296adb14169fe74ad77a548501a6f79c38215"
  integrity sha512-SGguJfEtO7/HTTMQj+Qhzv//R6e5VbtNdY8qfkbiRhncA4yGwbiqrBHkQzLorAc/911AYlBWvLkhAjrk6hC1yg==
  dependencies:
    "@kiltprotocol/core" "0.34.0"
    "@kiltprotocol/did" "0.34.0"
    "@kiltprotocol/types" "0.34.0"
    "@kiltprotocol/utils" "0.34.0"
    "@polkadot/util" "^12.0.0"

"@kiltprotocol/sdk-js@^0.34.0":
  version "0.34.0"
  resolved "https://registry.yarnpkg.com/@kiltprotocol/sdk-js/-/sdk-js-0.34.0.tgz#b4fb588af020b0c450d1d19dc21f5e47d055cf2a"
  integrity sha512-FCyN2+byCSA1UMd7n7Y86Vcr6rBi0Ficny5iXmHvKSyR8edV3ptDzUEP2JJUsJ6dQZtj7JKNZ4VXrKywKw0KAA==
  dependencies:
    "@kiltprotocol/chain-helpers" "0.34.0"
    "@kiltprotocol/config" "0.34.0"
    "@kiltprotocol/core" "0.34.0"
    "@kiltprotocol/did" "0.34.0"
    "@kiltprotocol/messaging" "0.34.0"
    "@kiltprotocol/types" "0.34.0"
    "@kiltprotocol/utils" "0.34.0"

"@kiltprotocol/type-definitions@0.34.0":
  version "0.34.0"
  resolved "https://registry.yarnpkg.com/@kiltprotocol/type-definitions/-/type-definitions-0.34.0.tgz#101c67c84c553b6339545532a28d8af76645205d"
  integrity sha512-LMQ7HtIq8n/M/G9sg77xGJVJFVXCA/9w+PWMTK+TGR3KvbM9qmQSnhIPJ2KOU4WFe+62HlJ0V1sOoTZDFr7QNw==

"@kiltprotocol/types@0.34.0":
  version "0.34.0"
  resolved "https://registry.yarnpkg.com/@kiltprotocol/types/-/types-0.34.0.tgz#0c347c5e84bd8216ed0fc1dd677580c05b79042b"
  integrity sha512-tbxWr5Z7j29O1zgmqmrAxJEKGUrDEBdQPsFiYuQw7KyJCJjd0TPb+gqg8fHzjTSm+oJCffVLAU/KGAds1vLqZA==
  dependencies:
    "@polkadot/api" "^10.4.0"
    "@polkadot/keyring" "^12.0.0"
    "@polkadot/types" "^10.4.0"
    "@polkadot/util" "^12.0.0"
    "@polkadot/util-crypto" "^12.0.0"

"@kiltprotocol/utils@0.34.0":
  version "0.34.0"
  resolved "https://registry.yarnpkg.com/@kiltprotocol/utils/-/utils-0.34.0.tgz#49eb62d8cbfdf0502e00c32dc7c74e93e068d69b"
  integrity sha512-FzIoRSElxTXBaHF8706+tnye0iFvs0t/7A3XMDJ59ssLfjTZFhB0cANY6Zr/vR+PCdl00XWxKJ7iZJlAtFDy9w==
  dependencies:
    "@kiltprotocol/types" "0.34.0"
    "@polkadot/api" "^10.4.0"
    "@polkadot/keyring" "^12.0.0"
    "@polkadot/util" "^12.0.0"
    "@polkadot/util-crypto" "^12.0.0"
    cbor-web "^9.0.0"
    tweetnacl "^1.0.3"
    uuid "^9.0.0"

"@noble/curves@^1.2.0":
  version "1.2.0"
  resolved "https://registry.yarnpkg.com/@noble/curves/-/curves-1.2.0.tgz#92d7e12e4e49b23105a2555c6984d41733d65c35"
  integrity sha512-oYclrNgRaM9SsBUBVbb8M6DTV7ZHRTKugureoYEncY5c65HOmRzvSiTE3y5CYaPYJA/GVkrhXEoF0M3Ya9PMnw==
  dependencies:
    "@noble/hashes" "1.3.2"

"@noble/hashes@1.3.2", "@noble/hashes@^1.3.2":
  version "1.3.2"
  resolved "https://registry.yarnpkg.com/@noble/hashes/-/hashes-1.3.2.tgz#6f26dbc8fbc7205873ce3cee2f690eba0d421b39"
  integrity sha512-MVC8EAQp7MvEcm30KWENFjgR+Mkmf+D189XJTkFIlwohU5hcBbn1ZkKq7KVTi2Hme3PMGF390DaL52beVrIihQ==

"@polkadot/api-augment@10.11.1":
  version "10.11.1"
  resolved "https://registry.yarnpkg.com/@polkadot/api-augment/-/api-augment-10.11.1.tgz#63a5ccc3b33c18fa71263d5e58e0a4c6041a8504"
  integrity sha512-9Sk7fi6wzvxAoxvGJPcMt0hU4WzuIAlBy4Rng6WPiS6Ed0HJLr1dkZaqFFmV5my2pb3tu//1JGYkt+MUVB0Kqw==
  dependencies:
    "@polkadot/api-base" "10.11.1"
    "@polkadot/rpc-augment" "10.11.1"
    "@polkadot/types" "10.11.1"
    "@polkadot/types-augment" "10.11.1"
    "@polkadot/types-codec" "10.11.1"
    "@polkadot/util" "^12.6.1"
    tslib "^2.6.2"

"@polkadot/api-base@10.11.1":
  version "10.11.1"
  resolved "https://registry.yarnpkg.com/@polkadot/api-base/-/api-base-10.11.1.tgz#843fec74989b466278c42516a86fba65778b69bf"
  integrity sha512-A645Hj9bGtq0EOEWcwTaGoD40vp8/ih1suwinl5il8Psg+bdDmzodnVH5Jhuwe1dNKOuXuvxZvOmbYUPWyIqyg==
  dependencies:
    "@polkadot/rpc-core" "10.11.1"
    "@polkadot/types" "10.11.1"
    "@polkadot/util" "^12.6.1"
    rxjs "^7.8.1"
    tslib "^2.6.2"

"@polkadot/api-derive@10.11.1":
  version "10.11.1"
  resolved "https://registry.yarnpkg.com/@polkadot/api-derive/-/api-derive-10.11.1.tgz#528f90e33577258997cb998c0b597ba54bc9c683"
  integrity sha512-i48okJr0l1IrFTPa9KVkoJnDL2EHKExR6XC0Z7I9+kW9noxYWqo0tIoi5s1bNVD475xWK/rUjT7qHxiDbPaCUQ==
  dependencies:
    "@polkadot/api" "10.11.1"
    "@polkadot/api-augment" "10.11.1"
    "@polkadot/api-base" "10.11.1"
    "@polkadot/rpc-core" "10.11.1"
    "@polkadot/types" "10.11.1"
    "@polkadot/types-codec" "10.11.1"
    "@polkadot/util" "^12.6.1"
    "@polkadot/util-crypto" "^12.6.1"
    rxjs "^7.8.1"
    tslib "^2.6.2"

"@polkadot/api@10.11.1", "@polkadot/api@^10.4.0":
  version "10.11.1"
  resolved "https://registry.yarnpkg.com/@polkadot/api/-/api-10.11.1.tgz#3667ae1cf2f9c1955e138438c313efdba081314d"
  integrity sha512-WEgUYvY90AHX9drmsvWQ4DDuqlE7h4x3f28K5eOoJF4dQ5AkWsFogxwJ4TH57POWLfyi8AIn6/f1vsqPtReDhA==
  dependencies:
    "@polkadot/api-augment" "10.11.1"
    "@polkadot/api-base" "10.11.1"
    "@polkadot/api-derive" "10.11.1"
    "@polkadot/keyring" "^12.6.1"
    "@polkadot/rpc-augment" "10.11.1"
    "@polkadot/rpc-core" "10.11.1"
    "@polkadot/rpc-provider" "10.11.1"
    "@polkadot/types" "10.11.1"
    "@polkadot/types-augment" "10.11.1"
    "@polkadot/types-codec" "10.11.1"
    "@polkadot/types-create" "10.11.1"
    "@polkadot/types-known" "10.11.1"
    "@polkadot/util" "^12.6.1"
    "@polkadot/util-crypto" "^12.6.1"
    eventemitter3 "^5.0.1"
    rxjs "^7.8.1"
    tslib "^2.6.2"

"@polkadot/keyring@^12.0.0", "@polkadot/keyring@^12.6.1":
  version "12.6.1"
  resolved "https://registry.yarnpkg.com/@polkadot/keyring/-/keyring-12.6.1.tgz#0984dd625edd582750d8975f1898a4acb14bda8b"
  integrity sha512-cicTctZr5Jy5vgNT2FsNiKoTZnz6zQkgDoIYv79NI+p1Fhwc9C+DN/iMCnk3Cm9vR2gSAd2fSV+Y5iKVDhAmUw==
  dependencies:
    "@polkadot/util" "12.6.1"
    "@polkadot/util-crypto" "12.6.1"
    tslib "^2.6.2"

"@polkadot/networks@12.6.1", "@polkadot/networks@^12.6.1":
  version "12.6.1"
  resolved "https://registry.yarnpkg.com/@polkadot/networks/-/networks-12.6.1.tgz#eb0b1fb9e04fbaba066d44df4ff18b0567ca5fcc"
  integrity sha512-pzyirxTYAnsx+6kyLYcUk26e4TLz3cX6p2KhTgAVW77YnpGX5VTKTbYykyXC8fXFd/migeQsLaa2raFN47mwoA==
  dependencies:
    "@polkadot/util" "12.6.1"
    "@substrate/ss58-registry" "^1.44.0"
    tslib "^2.6.2"

"@polkadot/rpc-augment@10.11.1":
  version "10.11.1"
  resolved "https://registry.yarnpkg.com/@polkadot/rpc-augment/-/rpc-augment-10.11.1.tgz#f100165e60777a58583ea97cb672692a31a185f2"
  integrity sha512-wrtxHnEwqS3b1GuZ3sA1pzLuUjjLnW4FPawOklONRcIuKbGmFuvu7QvEIHmxBV1FAS/fs8gbvp8ImKWUPnT93Q==
  dependencies:
    "@polkadot/rpc-core" "10.11.1"
    "@polkadot/types" "10.11.1"
    "@polkadot/types-codec" "10.11.1"
    "@polkadot/util" "^12.6.1"
    tslib "^2.6.2"

"@polkadot/rpc-core@10.11.1":
  version "10.11.1"
  resolved "https://registry.yarnpkg.com/@polkadot/rpc-core/-/rpc-core-10.11.1.tgz#557958e57514d93fd3270a99910bf0d9f066df82"
  integrity sha512-3l4l+zL7MDWzQx3WnaieXXUKsbeA1Miu4wsje5trYJEE+hm+nMW8h7fiFKfYzXBi7ty/wMS+S7BfQPTrDkYHxA==
  dependencies:
    "@polkadot/rpc-augment" "10.11.1"
    "@polkadot/rpc-provider" "10.11.1"
    "@polkadot/types" "10.11.1"
    "@polkadot/util" "^12.6.1"
    rxjs "^7.8.1"
    tslib "^2.6.2"

"@polkadot/rpc-provider@10.11.1":
  version "10.11.1"
  resolved "https://registry.yarnpkg.com/@polkadot/rpc-provider/-/rpc-provider-10.11.1.tgz#8d94e96bba71ee8bbce9baf407b411c523fc2f28"
  integrity sha512-86aDUOnaG42si0jSOAgn6Fs3F3rz57x+iNBK1JpM0PLL2XvmPuoMZL5dZwzqSIey3nVdGJqRYfnFquWuyQpnOQ==
  dependencies:
    "@polkadot/keyring" "^12.6.1"
    "@polkadot/types" "10.11.1"
    "@polkadot/types-support" "10.11.1"
    "@polkadot/util" "^12.6.1"
    "@polkadot/util-crypto" "^12.6.1"
    "@polkadot/x-fetch" "^12.6.1"
    "@polkadot/x-global" "^12.6.1"
    "@polkadot/x-ws" "^12.6.1"
    eventemitter3 "^5.0.1"
    mock-socket "^9.3.1"
    nock "^13.3.8"
    tslib "^2.6.2"
  optionalDependencies:
    "@substrate/connect" "0.7.35"

"@polkadot/types-augment@10.11.1":
  version "10.11.1"
  resolved "https://registry.yarnpkg.com/@polkadot/types-augment/-/types-augment-10.11.1.tgz#273762db2e0dd932378860555e0d24672c583c7f"
  integrity sha512-Exd5mMCuSOXXz73iWqy8ocScWTrwAPqHz0Kxpz5OWlAu+5usipMuhjoeaZA803FHQntZh9lHUN31fuc50Exhew==
  dependencies:
    "@polkadot/types" "10.11.1"
    "@polkadot/types-codec" "10.11.1"
    "@polkadot/util" "^12.6.1"
    tslib "^2.6.2"

"@polkadot/types-codec@10.11.1", "@polkadot/types-codec@^10.4.0":
  version "10.11.1"
  resolved "https://registry.yarnpkg.com/@polkadot/types-codec/-/types-codec-10.11.1.tgz#063afd17c1648279de2f9add42b23792026a402f"
  integrity sha512-B9Fu2hq3cRpJpGPcgfZ8Qi1OSX9u82J46adlbIG95ktoA+70eZ83VS3Zvtt9ACsdLVGETCJfDjSO25XptjhZKQ==
  dependencies:
    "@polkadot/util" "^12.6.1"
    "@polkadot/x-bigint" "^12.6.1"
    tslib "^2.6.2"

"@polkadot/types-create@10.11.1":
  version "10.11.1"
  resolved "https://registry.yarnpkg.com/@polkadot/types-create/-/types-create-10.11.1.tgz#3f850e9f5e5b4f04da3ea4def5240d9d4e2789d3"
  integrity sha512-oeaI185F3XeWSz9/fe//qZ0KsQyE6C6c13WuOa+5cX/Yuz7cSAXawrhl58HRaU+fueaE/ijEHLcuK1sdM6e1JQ==
  dependencies:
    "@polkadot/types-codec" "10.11.1"
    "@polkadot/util" "^12.6.1"
    tslib "^2.6.2"

"@polkadot/types-known@10.11.1":
  version "10.11.1"
  resolved "https://registry.yarnpkg.com/@polkadot/types-known/-/types-known-10.11.1.tgz#6159b13c81660fd2db1c797e28356aee4691b0c0"
  integrity sha512-BPHI7EbdRaznZR4RVVrQC5epyxL6caJ5dkluZP6rRwx7VmQK0FTGIwgh3UP724mzQhM8rT77MD3h2ftnq1cteg==
  dependencies:
    "@polkadot/networks" "^12.6.1"
    "@polkadot/types" "10.11.1"
    "@polkadot/types-codec" "10.11.1"
    "@polkadot/types-create" "10.11.1"
    "@polkadot/util" "^12.6.1"
    tslib "^2.6.2"

"@polkadot/types-support@10.11.1":
  version "10.11.1"
  resolved "https://registry.yarnpkg.com/@polkadot/types-support/-/types-support-10.11.1.tgz#227c702526f9702a5b6882ecf55bc264f9d3beaf"
  integrity sha512-eCvWjdpELsHvXiTq201DdbIeOIaEr53zTD7HqC2wR/Z1bkQuw79Z+CyIU4sp79GL1vZ1PxS7vUH9M3FKNaTl1Q==
  dependencies:
    "@polkadot/util" "^12.6.1"
    tslib "^2.6.2"

"@polkadot/types@10.11.1", "@polkadot/types@^10.4.0":
  version "10.11.1"
  resolved "https://registry.yarnpkg.com/@polkadot/types/-/types-10.11.1.tgz#d2b8c747c103b0a5f725090980d4be10037ddef0"
  integrity sha512-4uKnzW2GZqNA5qRZpTPJ7z+G/ARTvXI89etv9xXXVttUdfTaYZsMf4rMuMThOAE/mAUn70LoH0JKthZLwzVgNQ==
  dependencies:
    "@polkadot/keyring" "^12.6.1"
    "@polkadot/types-augment" "10.11.1"
    "@polkadot/types-codec" "10.11.1"
    "@polkadot/types-create" "10.11.1"
    "@polkadot/util" "^12.6.1"
    "@polkadot/util-crypto" "^12.6.1"
    rxjs "^7.8.1"
    tslib "^2.6.2"

"@polkadot/util-crypto@12.6.1", "@polkadot/util-crypto@^12.0.0", "@polkadot/util-crypto@^12.6.1":
  version "12.6.1"
  resolved "https://registry.yarnpkg.com/@polkadot/util-crypto/-/util-crypto-12.6.1.tgz#f1e354569fb039822db5e57297296e22af575af8"
  integrity sha512-2ezWFLmdgeDXqB9NAUdgpp3s2rQztNrZLY+y0SJYNOG4ch+PyodTW/qSksnOrVGVdRhZ5OESRE9xvo9LYV5UAw==
  dependencies:
    "@noble/curves" "^1.2.0"
    "@noble/hashes" "^1.3.2"
    "@polkadot/networks" "12.6.1"
    "@polkadot/util" "12.6.1"
    "@polkadot/wasm-crypto" "^7.3.1"
    "@polkadot/wasm-util" "^7.3.1"
    "@polkadot/x-bigint" "12.6.1"
    "@polkadot/x-randomvalues" "12.6.1"
    "@scure/base" "^1.1.3"
    tslib "^2.6.2"

"@polkadot/util@12.6.1", "@polkadot/util@^12.0.0", "@polkadot/util@^12.6.1":
  version "12.6.1"
  resolved "https://registry.yarnpkg.com/@polkadot/util/-/util-12.6.1.tgz#477b8e2c601e8aae0662670ed33da46f1b335e5a"
  integrity sha512-10ra3VfXtK8ZSnWI7zjhvRrhupg3rd4iFC3zCaXmRpOU+AmfIoCFVEmuUuC66gyXiz2/g6k5E6j0lWQCOProSQ==
  dependencies:
    "@polkadot/x-bigint" "12.6.1"
    "@polkadot/x-global" "12.6.1"
    "@polkadot/x-textdecoder" "12.6.1"
    "@polkadot/x-textencoder" "12.6.1"
    "@types/bn.js" "^5.1.5"
    bn.js "^5.2.1"
    tslib "^2.6.2"

"@polkadot/wasm-bridge@7.3.2":
  version "7.3.2"
  resolved "https://registry.yarnpkg.com/@polkadot/wasm-bridge/-/wasm-bridge-7.3.2.tgz#e1b01906b19e06cbca3d94f10f5666f2ae0baadc"
  integrity sha512-AJEXChcf/nKXd5Q/YLEV5dXQMle3UNT7jcXYmIffZAo/KI394a+/24PaISyQjoNC0fkzS1Q8T5pnGGHmXiVz2g==
  dependencies:
    "@polkadot/wasm-util" "7.3.2"
    tslib "^2.6.2"

"@polkadot/wasm-crypto-asmjs@7.3.2":
  version "7.3.2"
  resolved "https://registry.yarnpkg.com/@polkadot/wasm-crypto-asmjs/-/wasm-crypto-asmjs-7.3.2.tgz#c6d41bc4b48b5359d57a24ca3066d239f2d70a34"
  integrity sha512-QP5eiUqUFur/2UoF2KKKYJcesc71fXhQFLT3D4ZjG28Mfk2ZPI0QNRUfpcxVQmIUpV5USHg4geCBNuCYsMm20Q==
  dependencies:
    tslib "^2.6.2"

"@polkadot/wasm-crypto-init@7.3.2":
  version "7.3.2"
  resolved "https://registry.yarnpkg.com/@polkadot/wasm-crypto-init/-/wasm-crypto-init-7.3.2.tgz#7e1fe79ba978fb0a4a0f74a92d976299d38bc4b8"
  integrity sha512-FPq73zGmvZtnuJaFV44brze3Lkrki3b4PebxCy9Fplw8nTmisKo9Xxtfew08r0njyYh+uiJRAxPCXadkC9sc8g==
  dependencies:
    "@polkadot/wasm-bridge" "7.3.2"
    "@polkadot/wasm-crypto-asmjs" "7.3.2"
    "@polkadot/wasm-crypto-wasm" "7.3.2"
    "@polkadot/wasm-util" "7.3.2"
    tslib "^2.6.2"

"@polkadot/wasm-crypto-wasm@7.3.2":
  version "7.3.2"
  resolved "https://registry.yarnpkg.com/@polkadot/wasm-crypto-wasm/-/wasm-crypto-wasm-7.3.2.tgz#44e08ed5cf6499ce4a3aa7247071a5d01f6a74f4"
  integrity sha512-15wd0EMv9IXs5Abp1ZKpKKAVyZPhATIAHfKsyoWCEFDLSOA0/K0QGOxzrAlsrdUkiKZOq7uzSIgIDgW8okx2Mw==
  dependencies:
    "@polkadot/wasm-util" "7.3.2"
    tslib "^2.6.2"

"@polkadot/wasm-crypto@^7.3.1":
  version "7.3.2"
  resolved "https://registry.yarnpkg.com/@polkadot/wasm-crypto/-/wasm-crypto-7.3.2.tgz#61bbcd9e591500705c8c591e6aff7654bdc8afc9"
  integrity sha512-+neIDLSJ6jjVXsjyZ5oLSv16oIpwp+PxFqTUaZdZDoA2EyFRQB8pP7+qLsMNk+WJuhuJ4qXil/7XiOnZYZ+wxw==
  dependencies:
    "@polkadot/wasm-bridge" "7.3.2"
    "@polkadot/wasm-crypto-asmjs" "7.3.2"
    "@polkadot/wasm-crypto-init" "7.3.2"
    "@polkadot/wasm-crypto-wasm" "7.3.2"
    "@polkadot/wasm-util" "7.3.2"
    tslib "^2.6.2"

"@polkadot/wasm-util@7.3.2", "@polkadot/wasm-util@^7.3.1":
  version "7.3.2"
  resolved "https://registry.yarnpkg.com/@polkadot/wasm-util/-/wasm-util-7.3.2.tgz#4fe6370d2b029679b41a5c02cd7ebf42f9b28de1"
  integrity sha512-bmD+Dxo1lTZyZNxbyPE380wd82QsX+43mgCm40boyKrRppXEyQmWT98v/Poc7chLuskYb6X8IQ6lvvK2bGR4Tg==
  dependencies:
    tslib "^2.6.2"

"@polkadot/x-bigint@12.6.1", "@polkadot/x-bigint@^12.6.1":
  version "12.6.1"
  resolved "https://registry.yarnpkg.com/@polkadot/x-bigint/-/x-bigint-12.6.1.tgz#82b6a3639e1bc1195b2858482f0421b403641b80"
  integrity sha512-YlABeVIlgYQZJ4ZpW/+akFGGxw5jMGt4g5vaP7EumlORGneJHzzWJYDmI5v2y7j1zvC9ofOle7z4tRmtN/QDew==
  dependencies:
    "@polkadot/x-global" "12.6.1"
    tslib "^2.6.2"

"@polkadot/x-fetch@^12.6.1":
  version "12.6.1"
  resolved "https://registry.yarnpkg.com/@polkadot/x-fetch/-/x-fetch-12.6.1.tgz#6cd3023177f842ef51f05324c971671cbe010eca"
  integrity sha512-iyBv0ecfCsqGSv26CPJk9vSoKtry/Fn7x549ysA4hlc9KboraMHxOHTpcNZYC/OdgvbFZl40zIXCY0SA1ai8aw==
  dependencies:
    "@polkadot/x-global" "12.6.1"
    node-fetch "^3.3.2"
    tslib "^2.6.2"

"@polkadot/x-global@12.6.1", "@polkadot/x-global@^12.6.1":
  version "12.6.1"
  resolved "https://registry.yarnpkg.com/@polkadot/x-global/-/x-global-12.6.1.tgz#1a00ae466e344539bdee57eb7b1dd4e4d5b1dc95"
  integrity sha512-w5t19HIdBPuyu7X/AiCyH2DsKqxBF0KpF4Ymolnx8PfcSIgnq9ZOmgs74McPR6FgEmeEkr9uNKujZrsfURi1ug==
  dependencies:
    tslib "^2.6.2"

"@polkadot/x-randomvalues@12.6.1":
  version "12.6.1"
  resolved "https://registry.yarnpkg.com/@polkadot/x-randomvalues/-/x-randomvalues-12.6.1.tgz#f0ad7afa5b0bac123b634ac19d6625cd301a9307"
  integrity sha512-1uVKlfYYbgIgGV5v1Dgn960cGovenWm5pmg+aTMeUGXVYiJwRD2zOpLyC1i/tP454iA74j74pmWb8Nkn0tJZUQ==
  dependencies:
    "@polkadot/x-global" "12.6.1"
    tslib "^2.6.2"

"@polkadot/x-textdecoder@12.6.1":
  version "12.6.1"
  resolved "https://registry.yarnpkg.com/@polkadot/x-textdecoder/-/x-textdecoder-12.6.1.tgz#ee6e9a0f1819204aa60e0ef5a576e8b222501123"
  integrity sha512-IasodJeV1f2Nr/VtA207+LXCQEqYcG8y9qB/EQcRsrEP58NbwwxM5Z2obV0lSjJOxRTJ4/OlhUwnLHwcbIp6+g==
  dependencies:
    "@polkadot/x-global" "12.6.1"
    tslib "^2.6.2"

"@polkadot/x-textencoder@12.6.1":
  version "12.6.1"
  resolved "https://registry.yarnpkg.com/@polkadot/x-textencoder/-/x-textencoder-12.6.1.tgz#b39d4afb50c8bc2ff6add9f20cfc2338abff90d4"
  integrity sha512-sTq/+tXqBhGe01a1rjieSHFh3y935vuRgtahVgVJZnfqh5SmLPgSN5tTPxZWzyx7gHIfotle8laTJbJarv7V1A==
  dependencies:
    "@polkadot/x-global" "12.6.1"
    tslib "^2.6.2"

"@polkadot/x-ws@^12.6.1":
  version "12.6.1"
  resolved "https://registry.yarnpkg.com/@polkadot/x-ws/-/x-ws-12.6.1.tgz#340830d4500bbb301c63a9c5b289da85a5cc898c"
  integrity sha512-fs9V+XekjJLpVLLwxnqq3llqSZu2T/b9brvld8anvzS/htDLPbi7+c5W3VGJ9Po8fS67IsU3HCt0Gu6F6mGrMA==
  dependencies:
    "@polkadot/x-global" "12.6.1"
    tslib "^2.6.2"
    ws "^8.14.2"

"@scure/base@^1.1.3":
  version "1.1.3"
  resolved "https://registry.yarnpkg.com/@scure/base/-/base-1.1.3.tgz#8584115565228290a6c6c4961973e0903bb3df2f"
  integrity sha512-/+SgoRjLq7Xlf0CWuLHq2LUZeL/w65kfzAPG5NH9pcmBhs+nunQTn4gvdwgMTIXnt9b2C/1SeL2XiysZEyIC9Q==

"@substrate/connect-extension-protocol@^1.0.1":
  version "1.0.1"
  resolved "https://registry.yarnpkg.com/@substrate/connect-extension-protocol/-/connect-extension-protocol-1.0.1.tgz#fa5738039586c648013caa6a0c95c43265dbe77d"
  integrity sha512-161JhCC1csjH3GE5mPLEd7HbWtwNSPJBg3p1Ksz9SFlTzj/bgEwudiRN2y5i0MoLGCIJRYKyKGMxVnd29PzNjg==

"@substrate/connect@0.7.35":
  version "0.7.35"
  resolved "https://registry.yarnpkg.com/@substrate/connect/-/connect-0.7.35.tgz#853d8ff50717a8c9ee8f219d11a86e61a54b88b8"
  integrity sha512-Io8vkalbwaye+7yXfG1Nj52tOOoJln2bMlc7Q9Yy3vEWqZEVkgKmcPVzbwV0CWL3QD+KMPDA2Dnw/X7EdwgoLw==
  dependencies:
    "@substrate/connect-extension-protocol" "^1.0.1"
    smoldot "2.0.7"

"@substrate/ss58-registry@^1.44.0":
  version "1.44.0"
  resolved "https://registry.yarnpkg.com/@substrate/ss58-registry/-/ss58-registry-1.44.0.tgz#54f214e2a44f450b7bbc9252891c1879a54e0606"
  integrity sha512-7lQ/7mMCzVNSEfDS4BCqnRnKCFKpcOaPrxMeGTXHX1YQzM/m2BBHjbK2C3dJvjv7GYxMiaTq/HdWQj1xS6ss+A==

"@tsconfig/node10@^1.0.7":
  version "1.0.9"
  resolved "https://registry.yarnpkg.com/@tsconfig/node10/-/node10-1.0.9.tgz#df4907fc07a886922637b15e02d4cebc4c0021b2"
  integrity sha512-jNsYVVxU8v5g43Erja32laIDHXeoNvFEpX33OK4d6hljo3jDhCBDhx5dhCCTMWUojscpAagGiRkBKxpdl9fxqA==

"@tsconfig/node12@^1.0.7":
  version "1.0.11"
  resolved "https://registry.yarnpkg.com/@tsconfig/node12/-/node12-1.0.11.tgz#ee3def1f27d9ed66dac6e46a295cffb0152e058d"
  integrity sha512-cqefuRsh12pWyGsIoBKJA9luFu3mRxCA+ORZvA4ktLSzIuCUtWVxGIuXigEwO5/ywWFMZ2QEGKWvkZG1zDMTag==

"@tsconfig/node14@^1.0.0":
  version "1.0.3"
  resolved "https://registry.yarnpkg.com/@tsconfig/node14/-/node14-1.0.3.tgz#e4386316284f00b98435bf40f72f75a09dabf6c1"
  integrity sha512-ysT8mhdixWK6Hw3i1V2AeRqZ5WfXg1G43mqoYlM2nc6388Fq5jcXyr5mRsqViLx/GJYdoL0bfXD8nmF+Zn/Iow==

"@tsconfig/node16@^1.0.2":
  version "1.0.4"
  resolved "https://registry.yarnpkg.com/@tsconfig/node16/-/node16-1.0.4.tgz#0b92dcc0cc1c81f6f306a381f28e31b1a56536e9"
  integrity sha512-vxhUy4J8lyeyinH7Azl1pdd43GJhZH/tP2weN8TntQblOY+A0XbT8DJk1/oCPuOOyg/Ja757rG0CgHcWC8OfMA==

"@types/bn.js@^5.1.5":
  version "5.1.5"
  resolved "https://registry.yarnpkg.com/@types/bn.js/-/bn.js-5.1.5.tgz#2e0dacdcce2c0f16b905d20ff87aedbc6f7b4bf0"
  integrity sha512-V46N0zwKRF5Q00AZ6hWtN0T8gGmDUaUzLWQvHFo5yThtVwK/VCenFY3wXVbOvNfajEpsTfQM4IN9k/d6gUVX3A==
  dependencies:
    "@types/node" "*"

"@types/node@*", "@types/node@^20.8.4":
  version "20.10.4"
  resolved "https://registry.yarnpkg.com/@types/node/-/node-20.10.4.tgz#b246fd84d55d5b1b71bf51f964bd514409347198"
  integrity sha512-D08YG6rr8X90YB56tSIuBaddy/UXAA9RKJoFvrsnogAum/0pmjkgi4+2nx96A330FmioegBWmEYQ+syqCFaveg==
  dependencies:
    undici-types "~5.26.4"

"@types/random-word@^2.0.2":
  version "2.0.2"
  resolved "https://registry.yarnpkg.com/@types/random-word/-/random-word-2.0.2.tgz#cb722ff3e6999432e5a9d758c89b747ad16675e1"
  integrity sha512-PTIOxy/opr/VOmPdDRJPsXx9dSPWTBXwh1VV1IVkSnk4XhekJJZ3rHB3abs7g/zjczLDmZ13d+faH2BySYfqaA==

"@types/yargs-parser@*":
  version "21.0.3"
  resolved "https://registry.yarnpkg.com/@types/yargs-parser/-/yargs-parser-21.0.3.tgz#815e30b786d2e8f0dcd85fd5bcf5e1a04d008f15"
  integrity sha512-I4q9QU9MQv4oEOz4tAHJtNz1cwuLxn2F3xcc2iV5WdqLPpUnj30aUuxt1mAxYTG+oe8CZMV/+6rU4S4gRDzqtQ==

"@types/yargs@^17.0.28":
  version "17.0.32"
  resolved "https://registry.yarnpkg.com/@types/yargs/-/yargs-17.0.32.tgz#030774723a2f7faafebf645f4e5a48371dca6229"
  integrity sha512-xQ67Yc/laOG5uMfX/093MRlGGCIBzZMarVa+gfNKJxWAIgykYpVGkBdbqEzGDDfCrVUj6Hiff4mTZ5BA6TmAog==
  dependencies:
    "@types/yargs-parser" "*"

acorn-walk@^8.1.1:
  version "8.3.1"
  resolved "https://registry.yarnpkg.com/acorn-walk/-/acorn-walk-8.3.1.tgz#2f10f5b69329d90ae18c58bf1fa8fccd8b959a43"
  integrity sha512-TgUZgYvqZprrl7YldZNoa9OciCAyZR+Ejm9eXzKCmjsF5IKp/wgQ7Z/ZpjpGTIUPwrHQIcYeI8qDh4PsEwxMbw==

acorn@^8.4.1:
  version "8.11.2"
  resolved "https://registry.yarnpkg.com/acorn/-/acorn-8.11.2.tgz#ca0d78b51895be5390a5903c5b3bdcdaf78ae40b"
  integrity sha512-nc0Axzp/0FILLEVsm4fNwLCwMttvhEI263QtVPQcbpfZZ3ts0hLsZGOpE6czNlid7CJ9MlyH8reXkpsf3YUY4w==

ansi-regex@^5.0.1:
  version "5.0.1"
  resolved "https://registry.yarnpkg.com/ansi-regex/-/ansi-regex-5.0.1.tgz#082cb2c89c9fe8659a311a53bd6a4dc5301db304"
  integrity sha512-quJQXlTSUGL2LH9SUXo8VwsY4soanhgo6LNSm84E1LBcE8s3O0wpdiRzyR9z/ZZJMlMWv37qOOb9pdJlMUEKFQ==

ansi-styles@^4.0.0:
  version "4.3.0"
  resolved "https://registry.yarnpkg.com/ansi-styles/-/ansi-styles-4.3.0.tgz#edd803628ae71c04c85ae7a0906edad34b648937"
  integrity sha512-zbB9rCJAT1rbjiVDb2hqKFHNYLxgtk8NURxZ3IZwD3F6NtxbXZQCnnSi1Lkx+IDohdPlFp222wVALIheZJQSEg==
  dependencies:
    color-convert "^2.0.1"

arg@^4.1.0:
  version "4.1.3"
  resolved "https://registry.yarnpkg.com/arg/-/arg-4.1.3.tgz#269fc7ad5b8e42cb63c896d5666017261c144089"
  integrity sha512-58S9QDqG0Xx27YwPSt9fJxivjYl432YCwfDMfZ+71RAqUrZef7LrKQZ3LHLOwCS4FLNBplP533Zx895SeOCHvA==

bn.js@^5.2.1:
  version "5.2.1"
  resolved "https://registry.yarnpkg.com/bn.js/-/bn.js-5.2.1.tgz#0bc527a6a0d18d0aa8d5b0538ce4a77dccfa7b70"
  integrity sha512-eXRvHzWyYPBuB4NBy0cmYQjGitUrtqwbvlzP3G6VFnNRbsZQIxQ10PbKKHt8gZ/HW/D/747aDl+QkDqg3KQLMQ==

cbor-web@^9.0.0:
  version "9.0.1"
  resolved "https://registry.yarnpkg.com/cbor-web/-/cbor-web-9.0.1.tgz#844fc2b816939bada26854de60503efd02b15e65"
  integrity sha512-9lW24Q2fOvCei/qMSeH48VWOcndR6u/gsi1zqXzXqeTj67XVGR253S+rOaJY+zE9TDahorcpXKeIBFRv4U2MYA==

cliui@^8.0.1:
  version "8.0.1"
  resolved "https://registry.yarnpkg.com/cliui/-/cliui-8.0.1.tgz#0c04b075db02cbfe60dc8e6cf2f5486b1a3608aa"
  integrity sha512-BSeNnyus75C4//NQ9gQt1/csTXyo/8Sb+afLAkzAptFuMsod9HFokGNudZpi/oQV73hnVK+sR+5PVRMd+Dr7YQ==
  dependencies:
    string-width "^4.2.0"
    strip-ansi "^6.0.1"
    wrap-ansi "^7.0.0"

color-convert@^2.0.1:
  version "2.0.1"
  resolved "https://registry.yarnpkg.com/color-convert/-/color-convert-2.0.1.tgz#72d3a68d598c9bdb3af2ad1e84f21d896abd4de3"
  integrity sha512-RRECPsj7iu/xb5oKYcsFHSppFNnsj/52OVTRKb4zP5onXwVF3zVmmToNcOfGC+CRDpfK/U584fMg38ZHCaElKQ==
  dependencies:
    color-name "~1.1.4"

color-name@~1.1.4:
  version "1.1.4"
  resolved "https://registry.yarnpkg.com/color-name/-/color-name-1.1.4.tgz#c2a09a87acbde69543de6f63fa3995c826c536a2"
  integrity sha512-dOy+3AuW3a2wNbZHIuMZpTcgjGuLU/uBL/ubcZF9OXbDo8ff4O8yVp5Bf0efS8uEoYo5q4Fx7dY9OgQGXgAsQA==

create-require@^1.1.0:
  version "1.1.1"
  resolved "https://registry.yarnpkg.com/create-require/-/create-require-1.1.1.tgz#c1d7e8f1e5f6cfc9ff65f9cd352d37348756c333"
  integrity sha512-dcKFX3jn0MpIaXjisoRvexIJVEKzaq7z2rZKxf+MSr9TkdmHmsU4m2lcLojrj/FHl8mk5VxMmYA+ftRkP/3oKQ==

data-uri-to-buffer@^4.0.0:
  version "4.0.1"
  resolved "https://registry.yarnpkg.com/data-uri-to-buffer/-/data-uri-to-buffer-4.0.1.tgz#d8feb2b2881e6a4f58c2e08acfd0e2834e26222e"
  integrity sha512-0R9ikRb668HB7QDxT1vkpuUBtqc53YyAwMwGeUFKRojY/NWKvdZ+9UYtRfGmhqNbRkTSVpMbmyhXipFFv2cb/A==

debug@^4.1.0:
  version "4.3.4"
  resolved "https://registry.yarnpkg.com/debug/-/debug-4.3.4.tgz#1319f6579357f2338d3337d2cdd4914bb5dcc865"
  integrity sha512-PRWFHuSU3eDtQJPvnNY7Jcket1j0t5OuOsFzPPzsekD52Zl8qUfFIPEiswXqIvHWGVHOgX+7G/vCNNhehwxfkQ==
  dependencies:
    ms "2.1.2"

diff@^4.0.1:
  version "4.0.2"
  resolved "https://registry.yarnpkg.com/diff/-/diff-4.0.2.tgz#60f3aecb89d5fae520c11aa19efc2bb982aade7d"
  integrity sha512-58lmxKSA4BNyLz+HHMUzlOEpg09FV+ev6ZMe3vJihgdxzgcwZ8VoEEPmALCZG9LmqfVoNMMKpttIYTVG6uDY7A==

dotenv@^16.3.1:
  version "16.3.1"
  resolved "https://registry.yarnpkg.com/dotenv/-/dotenv-16.3.1.tgz#369034de7d7e5b120972693352a3bf112172cc3e"
  integrity sha512-IPzF4w4/Rd94bA9imS68tZBaYyBWSCE47V1RGuMrB94iyTOIEwRmVL2x/4An+6mETpLrKJ5hQkB8W4kFAadeIQ==

emoji-regex@^8.0.0:
  version "8.0.0"
  resolved "https://registry.yarnpkg.com/emoji-regex/-/emoji-regex-8.0.0.tgz#e818fd69ce5ccfcb404594f842963bf53164cc37"
  integrity sha512-MSjYzcWNOA0ewAHpz0MxpYFvwg6yjy1NG3xteoqz644VCo/RPgnr1/GGt+ic3iJTzQ8Eu3TdM14SawnVUmGE6A==

error-stack-parser@^1.3.6:
  version "1.3.6"
  resolved "https://registry.yarnpkg.com/error-stack-parser/-/error-stack-parser-1.3.6.tgz#e0e73b93e417138d1cd7c0b746b1a4a14854c292"
  integrity sha512-xhuSYd8wLgOXwNgjcPeXMPL/IiiA1Huck+OPvClpJViVNNlJVtM41o+1emp7bPvlCJwCatFX2DWc05/DgfbWzA==
  dependencies:
    stackframe "^0.3.1"

escalade@^3.1.1:
  version "3.1.1"
  resolved "https://registry.yarnpkg.com/escalade/-/escalade-3.1.1.tgz#d8cfdc7000965c5a0174b4a82eaa5c0552742e40"
  integrity sha512-k0er2gUkLf8O0zKJiAhmkTnJlTvINGv7ygDNPbeIsX/TJjGJZHuh9B2UxbsaEkmlEo9MfhrSzmhIlhRlI2GXnw==

eventemitter3@^5.0.1:
  version "5.0.1"
  resolved "https://registry.yarnpkg.com/eventemitter3/-/eventemitter3-5.0.1.tgz#53f5ffd0a492ac800721bb42c66b841de96423c4"
  integrity sha512-GWkBvjiSZK87ELrYOSESUYeVIc9mvLLf/nXalMOS5dYrgZq9o5OVkbZAVM06CVxYsCwH9BDZFPlQTlPA1j4ahA==

fetch-blob@^3.1.2, fetch-blob@^3.1.4:
  version "3.2.0"
  resolved "https://registry.yarnpkg.com/fetch-blob/-/fetch-blob-3.2.0.tgz#f09b8d4bbd45adc6f0c20b7e787e793e309dcce9"
  integrity sha512-7yAQpD2UMJzLi1Dqv7qFYnPbaPx7ZfFK6PiIxQ4PfkGPyNyl2Ugx+a/umUonmKqjhM4DnfbMvdX6otXq83soQQ==
  dependencies:
    node-domexception "^1.0.0"
    web-streams-polyfill "^3.0.3"

formdata-polyfill@^4.0.10:
  version "4.0.10"
  resolved "https://registry.yarnpkg.com/formdata-polyfill/-/formdata-polyfill-4.0.10.tgz#24807c31c9d402e002ab3d8c720144ceb8848423"
  integrity sha512-buewHzMvYL29jdeQTVILecSaZKnt/RJWjoZCF5OW60Z67/GmSLBkOFM7qh1PI3zFNtJbaZL5eQu1vLfazOwj4g==
  dependencies:
    fetch-blob "^3.1.2"

get-caller-file@^2.0.5:
  version "2.0.5"
  resolved "https://registry.yarnpkg.com/get-caller-file/-/get-caller-file-2.0.5.tgz#4f94412a82db32f36e3b0b9741f8a97feb031f7e"
  integrity sha512-DyFP3BM/3YHTQOCUL/w0OZHR0lpKeGrxotcHWcqNEdnltqFwXVfhEBQ94eIo34AfQpo0rGki4cyIiftY06h2Fg==

is-fullwidth-code-point@^3.0.0:
  version "3.0.0"
  resolved "https://registry.yarnpkg.com/is-fullwidth-code-point/-/is-fullwidth-code-point-3.0.0.tgz#f116f8064fe90b3f7844a38997c0b75051269f1d"
  integrity sha512-zymm5+u+sCsSWyD9qNaejV3DFvhCKclKdizYaJUuHA83RLjb7nSuGnddCHGv0hk+KY7BMAlsWeK4Ueg6EV6XQg==

json-stringify-safe@^5.0.1:
  version "5.0.1"
  resolved "https://registry.yarnpkg.com/json-stringify-safe/-/json-stringify-safe-5.0.1.tgz#1296a2d58fd45f19a0f6ce01d65701e2c735b6eb"
  integrity sha512-ZClg6AaYvamvYEE82d3Iyd3vSSIjQ+odgjaTzRuO3s7toCdFKczob2i0zCh7JE8kWn17yvAWhUVxvqGwUalsRA==

make-error@^1.1.1:
  version "1.3.6"
  resolved "https://registry.yarnpkg.com/make-error/-/make-error-1.3.6.tgz#2eb2e37ea9b67c4891f684a1394799af484cf7a2"
  integrity sha512-s8UhlNe7vPKomQhC1qFelMokr/Sc3AgNbso3n74mVPA5LTZwkB9NlXf4XPamLxJE8h0gh73rM94xvwRT2CVInw==

mock-socket@^9.3.1:
  version "9.3.1"
  resolved "https://registry.yarnpkg.com/mock-socket/-/mock-socket-9.3.1.tgz#24fb00c2f573c84812aa4a24181bb025de80cc8e"
  integrity sha512-qxBgB7Qa2sEQgHFjj0dSigq7fX4k6Saisd5Nelwp2q8mlbAFh5dHV9JTTlF8viYJLSSWgMCZFUom8PJcMNBoJw==

ms@2.1.2:
  version "2.1.2"
  resolved "https://registry.yarnpkg.com/ms/-/ms-2.1.2.tgz#d09d1f357b443f493382a8eb3ccd183872ae6009"
  integrity sha512-sGkPx+VjMtmA6MX27oA4FBFELFCZZ4S4XqeGOXCv68tT+jb3vk/RyaKWP0PTKyWtmLSM0b+adUTEvbs1PEaH2w==

nock@^13.3.8:
  version "13.4.0"
  resolved "https://registry.yarnpkg.com/nock/-/nock-13.4.0.tgz#60aa3f7a4afa9c12052e74d8fb7550f682ef0115"
  integrity sha512-W8NVHjO/LCTNA64yxAPHV/K47LpGYcVzgKd3Q0n6owhwvD0Dgoterc25R4rnZbckJEb6Loxz1f5QMuJpJnbSyQ==
  dependencies:
    debug "^4.1.0"
    json-stringify-safe "^5.0.1"
    propagate "^2.0.0"

node-domexception@^1.0.0:
  version "1.0.0"
  resolved "https://registry.yarnpkg.com/node-domexception/-/node-domexception-1.0.0.tgz#6888db46a1f71c0b76b3f7555016b63fe64766e5"
  integrity sha512-/jKZoMpw0F8GRwl4/eLROPA3cfcXtLApP0QzLmUT/HuPCZWyB7IY9ZrMeKw2O/nFIqPQB3PVM9aYm0F312AXDQ==

node-fetch@^3.3.2:
  version "3.3.2"
  resolved "https://registry.yarnpkg.com/node-fetch/-/node-fetch-3.3.2.tgz#d1e889bacdf733b4ff3b2b243eb7a12866a0b78b"
  integrity sha512-dRB78srN/l6gqWulah9SrxeYnxeddIG30+GOqK/9OlLVyLg3HPnr6SqOWTWOXKRwC2eGYCkZ59NNuSgvSrpgOA==
  dependencies:
    data-uri-to-buffer "^4.0.0"
    fetch-blob "^3.1.4"
    formdata-polyfill "^4.0.10"

propagate@^2.0.0:
  version "2.0.1"
  resolved "https://registry.yarnpkg.com/propagate/-/propagate-2.0.1.tgz#40cdedab18085c792334e64f0ac17256d38f9a45"
  integrity sha512-vGrhOavPSTz4QVNuBNdcNXePNdNMaO1xj9yBeH1ScQPjk/rhg9sSlCXPhMkFuaNNW/syTvYqsnbIJxMBfRbbag==

random-word@^2.0.0:
  version "2.0.0"
  resolved "https://registry.yarnpkg.com/random-word/-/random-word-2.0.0.tgz#25ed18d5ba5a99409eaceb59dabe65b76d2ff6e9"
  integrity sha512-+Guq9cOBwUK1WSuwtV8ZpNqCyc9T1sbqYUh/sI17zKZuJo/VkyQgmgofZHPeqh75P1anTP7oKhyAMpO/uIbkzA==
  dependencies:
    unique-random-array "^1.0.0"
    word-list "^2.0.0"

require-directory@^2.1.1:
  version "2.1.1"
  resolved "https://registry.yarnpkg.com/require-directory/-/require-directory-2.1.1.tgz#8c64ad5fd30dab1c976e2344ffe7f792a6a6df42"
  integrity sha512-fGxEI7+wsG9xrvdjsrlmL22OMTTiHRwAMroiEeMgq8gzoLC/PQr7RsRDSTLUg/bZAZtF+TVIkHc6/4RIKrui+Q==

rxjs@^7.8.1:
  version "7.8.1"
  resolved "https://registry.yarnpkg.com/rxjs/-/rxjs-7.8.1.tgz#6f6f3d99ea8044291efd92e7c7fcf562c4057543"
  integrity sha512-AA3TVj+0A2iuIoQkWEK/tqFjBq2j+6PO6Y0zJcvzLAFhEFIO3HL0vls9hWLncZbAAbK0mar7oZ4V079I/qPMxg==
  dependencies:
    tslib "^2.1.0"

smoldot@2.0.7:
  version "2.0.7"
  resolved "https://registry.yarnpkg.com/smoldot/-/smoldot-2.0.7.tgz#407efd6bbb82a074612db4d056d631d8d615f442"
  integrity sha512-VAOBqEen6vises36/zgrmAT1GWk2qE3X8AGnO7lmQFdskbKx8EovnwS22rtPAG+Y1Rk23/S22kDJUdPANyPkBA==
  dependencies:
    ws "^8.8.1"

source-map@0.5.6:
  version "0.5.6"
  resolved "https://registry.yarnpkg.com/source-map/-/source-map-0.5.6.tgz#75ce38f52bf0733c5a7f0c118d81334a2bb5f412"
  integrity sha512-MjZkVp0NHr5+TPihLcadqnlVoGIoWo4IBHptutGh9wI3ttUYvCG26HkSuDi+K6lsZ25syXJXcctwgyVCt//xqA==

stack-generator@^1.0.7:
  version "1.1.0"
  resolved "https://registry.yarnpkg.com/stack-generator/-/stack-generator-1.1.0.tgz#36f6a920751a6c10f499a13c32cbb5f51a0b8b25"
  integrity sha512-sZDVjwC56vZoo+a5t0LH/1sMQLWYLi/r+Z2ztyCAOhOX3QBP34GWxK0FWf2eU1TIU2CJKCKBAtDZycUh/ZKMlw==
  dependencies:
    stackframe "^1.0.2"

stackframe@^0.3.1, stackframe@~0.3:
  version "0.3.1"
  resolved "https://registry.yarnpkg.com/stackframe/-/stackframe-0.3.1.tgz#33aa84f1177a5548c8935533cbfeb3420975f5a4"
  integrity sha512-XmoiF4T5nuWEp2x2w92WdGjdHGY/cZa6LIbRsDRQR/Xlk4uW0PAUlH1zJYVffocwKpCdwyuypIp25xsSXEtZHw==

stackframe@^1.0.2:
  version "1.3.4"
  resolved "https://registry.yarnpkg.com/stackframe/-/stackframe-1.3.4.tgz#b881a004c8c149a5e8efef37d51b16e412943310"
  integrity sha512-oeVtt7eWQS+Na6F//S4kJ2K2VbRlS9D43mAlMyVpVWovy9o+jfgH8O9agzANzaiLjclA0oYzUXEM4PurhSUChw==

stacktrace-gps@^2.4.3:
  version "2.4.4"
  resolved "https://registry.yarnpkg.com/stacktrace-gps/-/stacktrace-gps-2.4.4.tgz#69c827e9d6d6f41cf438d7f195e2e3cbfcf28c44"
  integrity sha512-msFhuMEEklQLUtaJ+GeCDjzUN+PamfHWQiK3C1LnbHjoxSeF5dAxiE+aJkptNMmMNOropGFJ7G3ZT7dPZHgDaQ==
  dependencies:
    source-map "0.5.6"
    stackframe "~0.3"

stacktrace-js@1.3.1:
  version "1.3.1"
  resolved "https://registry.yarnpkg.com/stacktrace-js/-/stacktrace-js-1.3.1.tgz#67cab2589af5c417b962f7369940277bb3b6a18b"
  integrity sha512-b+5voFnXqg9TWdOE50soXL+WuOreYUm1Ukg9U7rzEWGL4+gcVxIcFasNBtOffVX0I1lYqVZj0PZXZvTt5e3YRQ==
  dependencies:
    error-stack-parser "^1.3.6"
    stack-generator "^1.0.7"
    stacktrace-gps "^2.4.3"

string-width@^4.1.0, string-width@^4.2.0, string-width@^4.2.3:
  version "4.2.3"
  resolved "https://registry.yarnpkg.com/string-width/-/string-width-4.2.3.tgz#269c7117d27b05ad2e536830a8ec895ef9c6d010"
  integrity sha512-wKyQRQpjJ0sIp62ErSZdGsjMJWsap5oRNihHhu6G7JVO/9jIB6UyevL+tXuOqrng8j/cxKTWyWUwvSTriiZz/g==
  dependencies:
    emoji-regex "^8.0.0"
    is-fullwidth-code-point "^3.0.0"
    strip-ansi "^6.0.1"

strip-ansi@^6.0.0, strip-ansi@^6.0.1:
  version "6.0.1"
  resolved "https://registry.yarnpkg.com/strip-ansi/-/strip-ansi-6.0.1.tgz#9e26c63d30f53443e9489495b2105d37b67a85d9"
  integrity sha512-Y38VPSHcqkFrCpFnQ9vuSXmquuv5oXOKpGeT6aGrr3o3Gc9AlVa6JBfUSOCnbxGGZF+/0ooI7KrPuUSztUdU5A==
  dependencies:
    ansi-regex "^5.0.1"

ts-node@^10.9.1:
  version "10.9.2"
  resolved "https://registry.yarnpkg.com/ts-node/-/ts-node-10.9.2.tgz#70f021c9e185bccdca820e26dc413805c101c71f"
  integrity sha512-f0FFpIdcHgn8zcPSbf1dRevwt047YMnaiJM3u2w2RewrB+fob/zePZcrOyQoLMMO7aBIddLcQIEK5dYjkLnGrQ==
  dependencies:
    "@cspotcode/source-map-support" "^0.8.0"
    "@tsconfig/node10" "^1.0.7"
    "@tsconfig/node12" "^1.0.7"
    "@tsconfig/node14" "^1.0.0"
    "@tsconfig/node16" "^1.0.2"
    acorn "^8.4.1"
    acorn-walk "^8.1.1"
    arg "^4.1.0"
    create-require "^1.1.0"
    diff "^4.0.1"
    make-error "^1.1.1"
    v8-compile-cache-lib "^3.0.1"
    yn "3.1.1"

tslib@^2.1.0, tslib@^2.6.2:
  version "2.6.2"
  resolved "https://registry.yarnpkg.com/tslib/-/tslib-2.6.2.tgz#703ac29425e7b37cd6fd456e92404d46d1f3e4ae"
  integrity sha512-AEYxH93jGFPn/a2iVAwW87VuUIkR1FVUKB77NwMF7nBTDkDrrT/Hpt/IrCJ0QXhW27jTBDcf5ZY7w6RiqTMw2Q==

tweetnacl@^1.0.3:
  version "1.0.3"
  resolved "https://registry.yarnpkg.com/tweetnacl/-/tweetnacl-1.0.3.tgz#ac0af71680458d8a6378d0d0d050ab1407d35596"
  integrity sha512-6rt+RN7aOi1nGMyC4Xa5DdYiukl2UWCbcJft7YhxReBGQD7OAM8Pbxw6YMo4r2diNEA8FEmu32YOn9rhaiE5yw==

typescript-logging@^1.0.0:
  version "1.0.1"
  resolved "https://registry.yarnpkg.com/typescript-logging/-/typescript-logging-1.0.1.tgz#e0f8157943780cf5943aacd53b04cb73d108a0f9"
  integrity sha512-zp28ABme0m5q/nXabBaY9Hv/35N8lMH4FsvhpUO0zVi4vFs3uKlb5br2it61HAZF5k+U0aP6E67j0VD0IzXGpQ==
  dependencies:
    stacktrace-js "1.3.1"

typescript@^5.2.2:
  version "5.3.3"
  resolved "https://registry.yarnpkg.com/typescript/-/typescript-5.3.3.tgz#b3ce6ba258e72e6305ba66f5c9b452aaee3ffe37"
  integrity sha512-pXWcraxM0uxAS+tN0AG/BF2TyqmHO014Z070UsJ+pFvYuRSq8KH8DmWpnbXe0pEPDHXZV3FcAbJkijJ5oNEnWw==

undici-types@~5.26.4:
  version "5.26.5"
  resolved "https://registry.yarnpkg.com/undici-types/-/undici-types-5.26.5.tgz#bcd539893d00b56e964fd2657a4866b221a65617"
  integrity sha512-JlCMO+ehdEIKqlFxk6IfVoAUVmgz7cU7zD/h9XZ0qzeosSHmUJVOzSQvvYSYWXkFXC+IfLKSIffhv0sVZup6pA==

unique-random-array@^1.0.0:
  version "1.0.1"
  resolved "https://registry.yarnpkg.com/unique-random-array/-/unique-random-array-1.0.1.tgz#f29bda2a62be8860a703c4739c8f4fdb4d722cc7"
  integrity sha512-z9J/SV8CUIhIRROcHe9YUoAT6XthUJt0oUyLGgobiXJprDP9O9dsErNevvSaAv5BkhwFEVPn6nIEOKeNE6Ck1Q==
  dependencies:
    unique-random "^1.0.0"

unique-random@^1.0.0:
  version "1.0.0"
  resolved "https://registry.yarnpkg.com/unique-random/-/unique-random-1.0.0.tgz#ce3e224c8242cd33a0e77b0d7180d77e6b62d0c4"
  integrity sha512-K1sUkPf9EXCZFNIlMCoX4icAqcvkR4FMPH4Z61HbyiWhQl1ZGo0zYeV2bJmocK8Cp6tnKYrCnpkeKGebXZoRTQ==

uuid@^9.0.0:
  version "9.0.1"
  resolved "https://registry.yarnpkg.com/uuid/-/uuid-9.0.1.tgz#e188d4c8853cc722220392c424cd637f32293f30"
  integrity sha512-b+1eJOlsR9K8HJpow9Ok3fiWOWSIcIzXodvv0rQjVoOVNpWMpxf1wZNpt4y9h10odCNrqnYp1OBzRktckBe3sA==

v8-compile-cache-lib@^3.0.1:
  version "3.0.1"
  resolved "https://registry.yarnpkg.com/v8-compile-cache-lib/-/v8-compile-cache-lib-3.0.1.tgz#6336e8d71965cb3d35a1bbb7868445a7c05264bf"
  integrity sha512-wa7YjyUGfNZngI/vtK0UHAN+lgDCxBPCylVXGp0zu59Fz5aiGtNXaq3DhIov063MorB+VfufLh3JlF2KdTK3xg==

web-streams-polyfill@^3.0.3:
  version "3.2.1"
  resolved "https://registry.yarnpkg.com/web-streams-polyfill/-/web-streams-polyfill-3.2.1.tgz#71c2718c52b45fd49dbeee88634b3a60ceab42a6"
  integrity sha512-e0MO3wdXWKrLbL0DgGnUV7WHVuw9OUvL4hjgnPkIeEvESk74gAITi5G606JtZPp39cd8HA9VQzCIvA49LpPN5Q==

word-list@^2.0.0:
  version "2.0.0"
  resolved "https://registry.yarnpkg.com/word-list/-/word-list-2.0.0.tgz#54ddfa4aae1faa71772cfb6e9208c4d8f999363e"
  integrity sha512-DlZQRBKGq8MZgU451Wp5VuIIQZjArEuh/7P7z73RHUnXeVQB1JOjBLofNQadgDIr5o2odVsxOSq16HbzVj6T3A==

wrap-ansi@^7.0.0:
  version "7.0.0"
  resolved "https://registry.yarnpkg.com/wrap-ansi/-/wrap-ansi-7.0.0.tgz#67e145cff510a6a6984bdf1152911d69d2eb9e43"
  integrity sha512-YVGIj2kamLSTxw6NsZjoBxfSwsn0ycdesmc4p+Q21c5zPuZ1pl+NfxVdxPtdHvmNVOQ6XSYG4AUtyt/Fi7D16Q==
  dependencies:
    ansi-styles "^4.0.0"
    string-width "^4.1.0"
    strip-ansi "^6.0.0"

ws@^8.14.2, ws@^8.8.1:
  version "8.14.2"
  resolved "https://registry.yarnpkg.com/ws/-/ws-8.14.2.tgz#6c249a806eb2db7a20d26d51e7709eab7b2e6c7f"
  integrity sha512-wEBG1ftX4jcglPxgFCMJmZ2PLtSbJ2Peg6TmpJFTbe9GZYOQCDPdMYu/Tm0/bGZkw8paZnJY45J4K2PZrLYq8g==

y18n@^5.0.5:
  version "5.0.8"
  resolved "https://registry.yarnpkg.com/y18n/-/y18n-5.0.8.tgz#7f4934d0f7ca8c56f95314939ddcd2dd91ce1d55"
  integrity sha512-0pfFzegeDWJHJIAmTLRP2DwHjdF5s7jo9tuztdQxAhINCdvS+3nGINqPd00AphqJR/0LhANUS6/+7SCb98YOfA==

yargs-parser@^21.1.1:
  version "21.1.1"
  resolved "https://registry.yarnpkg.com/yargs-parser/-/yargs-parser-21.1.1.tgz#9096bceebf990d21bb31fa9516e0ede294a77d35"
  integrity sha512-tVpsJW7DdjecAiFpbIB1e3qxIQsE6NoPc5/eTdrbbIC4h0LVsWhnoa3g+m2HclBIujHzsxZ4VJVA+GUuc2/LBw==

yargs@^17.7.2:
  version "17.7.2"
  resolved "https://registry.yarnpkg.com/yargs/-/yargs-17.7.2.tgz#991df39aca675a192b816e1e0363f9d75d2aa269"
  integrity sha512-7dSzzRQ++CKnNI/krKnYRV7JKKPUXMEh61soaHKg9mrWEhzFWhFnxPxGl+69cD1Ou63C13NUPCnmIcrvqCuM6w==
  dependencies:
    cliui "^8.0.1"
    escalade "^3.1.1"
    get-caller-file "^2.0.5"
    require-directory "^2.1.1"
    string-width "^4.2.3"
    y18n "^5.0.5"
    yargs-parser "^21.1.1"

yn@3.1.1:
  version "3.1.1"
  resolved "https://registry.yarnpkg.com/yn/-/yn-3.1.1.tgz#1e87401a09d767c1d5eab26a6e4c185182d2eb50"
  integrity sha512-Ux4ygGWsu2c7isFWe8Yu1YluJmqVhxqK2cLXNQA5AcC3QfbGNpM7fu0Y8b/z16pXLnFxZYvWhd3fhBY9DLmC6Q==
